
Microsoft Visual Studio Solution File, Format Version 12.00
# Visual Studio Version 17
VisualStudioVersion = 17.9.34607.119
MinimumVisualStudioVersion = 10.0.40219.1
Project("{8BC9CEB8-8B4A-11D0-8D11-00A0C91BC942}") = "APC Injection", "APC Injection.vcxproj", "{1A52C812-509A-4D7D-B812-2D002028D1DE}"
EndProject
Global
	GlobalSection(SolutionConfigurationPlatforms) = preSolution
		Debug|x64 = Debug|x64
		Debug|x86 = Debug|x86
		Release|x64 = Release|x64
		Release|x86 = Release|x86
	EndGlobalSection
	GlobalSection(ProjectConfigurationPlatforms) = postSolution
		{1A52C812-509A-4D7D-B812-2D002028D1DE}.Debug|x64.ActiveCfg = Debug|x64
		{1A52C812-509A-4D7D-B812-2D002028D1DE}.Debug|x64.Build.0 = Debug|x64
		{1A52C812-509A-4D7D-B812-2D002028D1DE}.Debug|x86.ActiveCfg = Debug|Win32
		{1A52C812-509A-4D7D-B812-2D002028D1DE}.Debug|x86.Build.0 = Debug|Win32
		{1A52C812-509A-4D7D-B812-2D002028D1DE}.Release|x64.ActiveCfg = Release|x64
		{1A52C812-509A-4D7D-B812-2D002028D1DE}.Release|x64.Build.0 = Release|x64
		{1A52C812-509A-4D7D-B812-2D002028D1DE}.Release|x86.ActiveCfg = Release|Win32
		{1A52C812-509A-4D7D-B812-2D002028D1DE}.Release|x86.Build.0 = Release|Win32
	EndGlobalSection
	GlobalSection(SolutionProperties) = preSolution
		HideSolutionNode = FALSE
	EndGlobalSection
	GlobalSection(ExtensibilityGlobals) = postSolution
		SolutionGuid = {2CE7AB76-2B79-4C30-AFC7-4625030589E1}
	EndGlobalSection
EndGlobal
